
Microsoft Visual Studio Solution File, Format Version 12.00
# Visual Studio Version 17
VisualStudioVersion = 17.6.33815.320
MinimumVisualStudioVersion = 10.0.40219.1
Project("{9A19103F-16F7-4668-BE54-9A1E7A4F7556}") = "GoVivillonPlugin", "GoVivillonPlugin\GoVivillonPlugin.csproj", "{A6313B42-E858-4A79-AA0E-CCC2D95AF7E8}"
EndProject
Global
	GlobalSection(SolutionConfigurationPlatforms) = preSolution
		Debug|Any CPU = Debug|Any CPU
		Release|Any CPU = Release|Any CPU
	EndGlobalSection
	GlobalSection(ProjectConfigurationPlatforms) = postSolution
		{A6313B42-E858-4A79-AA0E-CCC2D95AF7E8}.Debug|Any CPU.ActiveCfg = Debug|Any CPU
		{A6313B42-E858-4A79-AA0E-CCC2D95AF7E8}.Debug|Any CPU.Build.0 = Debug|Any CPU
		{A6313B42-E858-4A79-AA0E-CCC2D95AF7E8}.Release|Any CPU.ActiveCfg = Release|Any CPU
		{A6313B42-E858-4A79-AA0E-CCC2D95AF7E8}.Release|Any CPU.Build.0 = Release|Any CPU
	EndGlobalSection
	GlobalSection(SolutionProperties) = preSolution
		HideSolutionNode = FALSE
	EndGlobalSection
	GlobalSection(ExtensibilityGlobals) = postSolution
		SolutionGuid = {7C0DBAA5-7CA3-4BC6-B73C-AD82FACDF716}
	EndGlobalSection
EndGlobal
